{
  "name": "splash",
  "version": "1.0.0",
  "lockfileVersion": 3,
  "requires": true,
  "packages": {
    "": {
      "name": "splash",
      "version": "1.0.0",
      "license": "ISC",
      "dependencies": {
        "playwright-core": "^1.63.0-alpha-2026-08-05"
      }
    },
    "node_modules/playwright-core": {
      "version": "1.63.0-alpha-2026-08-05",
      "resolved": "https://registry.npmjs.org/playwright-core/-/playwright-core-1.63.0-alpha-2026-08-05.tgz",
      "integrity": "sha512-YussvUybTfBtyYbGXWh43f+5kNP03wg98M6mu4DphYET7PSbNVajsdLGjWE1xrsjqOw32i2wFlRP7U5mcOpMZg==",
      "license": "Apache-2.0",
      "bin": {
        "playwright-core": "cli.js"
      },
      "engines": {
        "node": ">=20"
      }
    }
  }
}
